
Microsoft Visual Studio Solution File, Format Version 12.00
# Visual Studio Version 16
VisualStudioVersion = 16.0.31702.278
MinimumVisualStudioVersion = 10.0.40219.1
Project("{FAE04EC0-301F-11D3-BF4B-00C04F79EFBC}") = "GCDevBuildMovieListLab", "GCDevBuildMovieListLab\GCDevBuildMovieListLab.csproj", "{4D23F741-D730-496D-8C70-1127999A3C31}"
EndProject
Global
	GlobalSection(SolutionConfigurationPlatforms) = preSolution
		Debug|Any CPU = Debug|Any CPU
		Release|Any CPU = Release|Any CPU
	EndGlobalSection
	GlobalSection(ProjectConfigurationPlatforms) = postSolution
		{4D23F741-D730-496D-8C70-1127999A3C31}.Debug|Any CPU.ActiveCfg = Debug|Any CPU
		{4D23F741-D730-496D-8C70-1127999A3C31}.Debug|Any CPU.Build.0 = Debug|Any CPU
		{4D23F741-D730-496D-8C70-1127999A3C31}.Release|Any CPU.ActiveCfg = Release|Any CPU
		{4D23F741-D730-496D-8C70-1127999A3C31}.Release|Any CPU.Build.0 = Release|Any CPU
	EndGlobalSection
	GlobalSection(SolutionProperties) = preSolution
		HideSolutionNode = FALSE
	EndGlobalSection
	GlobalSection(ExtensibilityGlobals) = postSolution
		SolutionGuid = {9BE85763-8298-4090-BB40-95AD8FC729EE}
	EndGlobalSection
EndGlobal
